// !$*UTF8*$!
{
	archiveVersion = 1;
	classes = {
	};
	objectVersion = 53;
	objects = {

/* Begin PBXBuildFile section */
		01E9FC8224497892008E2038 /* libcsv.c in Sources */ = {isa = PBXBuildFile; fileRef = 01E9FC8124497892008E2038 /* libcsv.c */; };
		01E9FC83244978BC008E2038 /* aircraft_record.c in Sources */ = {isa = PBXBuildFile; fileRef = 01E9FC712449770A008E2038 /* aircraft_record.c */; };
		01E9FC84244978BC008E2038 /* transformer.c in Sources */ = {isa = PBXBuildFile; fileRef = 01E9FC722449770A008E2038 /* transformer.c */; };
		01E9FC85244978BC008E2038 /* context.c in Sources */ = {isa = PBXBuildFile; fileRef = 01E9FC6E2449770A008E2038 /* context.c */; };
		01E9FC86244978BC008E2038 /* csv_record.c in Sources */ = {isa = PBXBuildFile; fileRef = 01E9FC682449770A008E2038 /* csv_record.c */; };
		01E9FC87244978BC008E2038 /* csv.c in Sources */ = {isa = PBXBuildFile; fileRef = 01E9FC6A2449770A008E2038 /* csv.c */; };
		01E9FC88244978BC008E2038 /* parser.c in Sources */ = {isa = PBXBuildFile; fileRef = 01E9FC6D2449770A008E2038 /* parser.c */; };
		01E9FC89244978BC008E2038 /* writer.c in Sources */ = {isa = PBXBuildFile; fileRef = 01E9FC5B2449770A008E2038 /* writer.c */; };
		01E9FC8A244978BC008E2038 /* list.c in Sources */ = {isa = PBXBuildFile; fileRef = 01E9FC602449770A008E2038 /* list.c */; };
		01E9FC8B244978BC008E2038 /* types.c in Sources */ = {isa = PBXBuildFile; fileRef = 01E9FC642449770A008E2038 /* types.c */; };
		01E9FC8C244978BC008E2038 /* tree_set.c in Sources */ = {isa = PBXBuildFile; fileRef = 01E9FC652449770A008E2038 /* tree_set.c */; };
		01E9FC8D244978C8008E2038 /* main.c in Sources */ = {isa = PBXBuildFile; fileRef = 01E9FC5D2449770A008E2038 /* main.c */; };
/* End PBXBuildFile section */

/* Begin PBXCopyFilesBuildPhase section */
		01E9FC1424497693008E2038 /* CopyFiles */ = {
			isa = PBXCopyFilesBuildPhase;
			buildActionMask = 2147483647;
			dstPath = /usr/share/man/man1/;
			dstSubfolderSpec = 0;
			files = (
			);
			runOnlyForDeploymentPostprocessing = 1;
		};
/* End PBXCopyFilesBuildPhase section */

/* Begin PBXFileReference section */
		01E9FC1624497693008E2038 /* AvidyneR9DataLoader */ = {isa = PBXFileReference; explicitFileType = "compiled.mach-o.executable"; includeInIndex = 0; path = AvidyneR9DataLoader; sourceTree = BUILT_PRODUCTS_DIR; };
		01E9FC22244976E1008E2038 /* csv.h */ = {isa = PBXFileReference; fileEncoding = 4; lastKnownFileType = sourcecode.c.h; path = csv.h; sourceTree = "<group>"; };
		01E9FC5B2449770A008E2038 /* writer.c */ = {isa = PBXFileReference; fileEncoding = 4; lastKnownFileType = sourcecode.c.c; path = writer.c; sourceTree = "<group>"; };
		01E9FC5C2449770A008E2038 /* writer.h */ = {isa = PBXFileReference; fileEncoding = 4; lastKnownFileType = sourcecode.c.h; path = writer.h; sourceTree = "<group>"; };
		01E9FC5D2449770A008E2038 /* main.c */ = {isa = PBXFileReference; fileEncoding = 4; lastKnownFileType = sourcecode.c.c; path = main.c; sourceTree = "<group>"; };
		01E9FC5F2449770A008E2038 /* time.h */ = {isa = PBXFileReference; fileEncoding = 4; lastKnownFileType = sourcecode.c.h; path = time.h; sourceTree = "<group>"; };
		01E9FC602449770A008E2038 /* list.c */ = {isa = PBXFileReference; fileEncoding = 4; lastKnownFileType = sourcecode.c.c; path = list.c; sourceTree = "<group>"; };
		01E9FC612449770A008E2038 /* types.h */ = {isa = PBXFileReference; fileEncoding = 4; lastKnownFileType = sourcecode.c.h; path = types.h; sourceTree = "<group>"; };
		01E9FC622449770A008E2038 /* tree_set.h */ = {isa = PBXFileReference; fileEncoding = 4; lastKnownFileType = sourcecode.c.h; path = tree_set.h; sourceTree = "<group>"; };
		01E9FC632449770A008E2038 /* list.h */ = {isa = PBXFileReference; fileEncoding = 4; lastKnownFileType = sourcecode.c.h; path = list.h; sourceTree = "<group>"; };
		01E9FC642449770A008E2038 /* types.c */ = {isa = PBXFileReference; fileEncoding = 4; lastKnownFileType = sourcecode.c.c; path = types.c; sourceTree = "<group>"; };
		01E9FC652449770A008E2038 /* tree_set.c */ = {isa = PBXFileReference; fileEncoding = 4; lastKnownFileType = sourcecode.c.c; path = tree_set.c; sourceTree = "<group>"; };
		01E9FC672449770A008E2038 /* csv.h */ = {isa = PBXFileReference; fileEncoding = 4; lastKnownFileType = sourcecode.c.h; path = csv.h; sourceTree = "<group>"; };
		01E9FC682449770A008E2038 /* csv_record.c */ = {isa = PBXFileReference; fileEncoding = 4; lastKnownFileType = sourcecode.c.c; path = csv_record.c; sourceTree = "<group>"; };
		01E9FC692449770A008E2038 /* parser.h */ = {isa = PBXFileReference; fileEncoding = 4; lastKnownFileType = sourcecode.c.h; path = parser.h; sourceTree = "<group>"; };
		01E9FC6A2449770A008E2038 /* csv.c */ = {isa = PBXFileReference; fileEncoding = 4; lastKnownFileType = sourcecode.c.c; path = csv.c; sourceTree = "<group>"; };
		01E9FC6B2449770A008E2038 /* csv_record.h */ = {isa = PBXFileReference; fileEncoding = 4; lastKnownFileType = sourcecode.c.h; path = csv_record.h; sourceTree = "<group>"; };
		01E9FC6D2449770A008E2038 /* parser.c */ = {isa = PBXFileReference; fileEncoding = 4; lastKnownFileType = sourcecode.c.c; path = parser.c; sourceTree = "<group>"; };
		01E9FC6E2449770A008E2038 /* context.c */ = {isa = PBXFileReference; fileEncoding = 4; lastKnownFileType = sourcecode.c.c; path = context.c; sourceTree = "<group>"; };
		01E9FC6F2449770A008E2038 /* context.h */ = {isa = PBXFileReference; fileEncoding = 4; lastKnownFileType = sourcecode.c.h; path = context.h; sourceTree = "<group>"; };
		01E9FC712449770A008E2038 /* aircraft_record.c */ = {isa = PBXFileReference; fileEncoding = 4; lastKnownFileType = sourcecode.c.c; path = aircraft_record.c; sourceTree = "<group>"; };
		01E9FC722449770A008E2038 /* transformer.c */ = {isa = PBXFileReference; fileEncoding = 4; lastKnownFileType = sourcecode.c.c; path = transformer.c; sourceTree = "<group>"; };
		01E9FC732449770A008E2038 /* transformer.h */ = {isa = PBXFileReference; fileEncoding = 4; lastKnownFileType = sourcecode.c.h; path = transformer.h; sourceTree = "<group>"; };
		01E9FC742449770A008E2038 /* aircraft_record.h */ = {isa = PBXFileReference; fileEncoding = 4; lastKnownFileType = sourcecode.c.h; path = aircraft_record.h; sourceTree = "<group>"; };
		01E9FC8124497892008E2038 /* libcsv.c */ = {isa = PBXFileReference; fileEncoding = 4; lastKnownFileType = sourcecode.c.c; path = libcsv.c; sourceTree = "<group>"; };
/* End PBXFileReference section */

/* Begin PBXFrameworksBuildPhase section */
		01E9FC1324497693008E2038 /* Frameworks */ = {
			isa = PBXFrameworksBuildPhase;
			buildActionMask = 2147483647;
			files = (
			);
			runOnlyForDeploymentPostprocessing = 0;
		};
/* End PBXFrameworksBuildPhase section */

/* Begin PBXGroup section */
		01E9FC0D24497693008E2038 = {
			isa = PBXGroup;
			children = (
				01E9FC1824497693008E2038 /* AvidyneR9DataLoader */,
				01E9FC21244976E1008E2038 /* libcsv */,
				01E9FC1724497693008E2038 /* Products */,
			);
			sourceTree = "<group>";
		};
		01E9FC1724497693008E2038 /* Products */ = {
			isa = PBXGroup;
			children = (
				01E9FC1624497693008E2038 /* AvidyneR9DataLoader */,
			);
			name = Products;
			sourceTree = "<group>";
		};
		01E9FC1824497693008E2038 /* AvidyneR9DataLoader */ = {
			isa = PBXGroup;
			children = (
				01E9FC702449770A008E2038 /* aircraft */,
				01E9FC6E2449770A008E2038 /* context.c */,
				01E9FC6F2449770A008E2038 /* context.h */,
				01E9FC662449770A008E2038 /* csv */,
				01E9FC5A2449770A008E2038 /* database */,
				01E9FC5D2449770A008E2038 /* main.c */,
				01E9FC5E2449770A008E2038 /* utilities */,
			);
			path = AvidyneR9DataLoader;
			sourceTree = "<group>";
		};
		01E9FC21244976E1008E2038 /* libcsv */ = {
			isa = PBXGroup;
			children = (
				01E9FC22244976E1008E2038 /* csv.h */,
				01E9FC8124497892008E2038 /* libcsv.c */,
			);
			path = libcsv;
			sourceTree = "<group>";
		};
		01E9FC5A2449770A008E2038 /* database */ = {
			isa = PBXGroup;
			children = (
				01E9FC5B2449770A008E2038 /* writer.c */,
				01E9FC5C2449770A008E2038 /* writer.h */,
			);
			path = database;
			sourceTree = "<group>";
		};
		01E9FC5E2449770A008E2038 /* utilities */ = {
			isa = PBXGroup;
			children = (
				01E9FC5F2449770A008E2038 /* time.h */,
				01E9FC602449770A008E2038 /* list.c */,
				01E9FC612449770A008E2038 /* types.h */,
				01E9FC622449770A008E2038 /* tree_set.h */,
				01E9FC632449770A008E2038 /* list.h */,
				01E9FC642449770A008E2038 /* types.c */,
				01E9FC652449770A008E2038 /* tree_set.c */,
			);
			path = utilities;
			sourceTree = "<group>";
		};
		01E9FC662449770A008E2038 /* csv */ = {
			isa = PBXGroup;
			children = (
				01E9FC672449770A008E2038 /* csv.h */,
				01E9FC682449770A008E2038 /* csv_record.c */,
				01E9FC692449770A008E2038 /* parser.h */,
				01E9FC6A2449770A008E2038 /* csv.c */,
				01E9FC6B2449770A008E2038 /* csv_record.h */,
				01E9FC6D2449770A008E2038 /* parser.c */,
			);
			path = csv;
			sourceTree = "<group>";
		};
		01E9FC702449770A008E2038 /* aircraft */ = {
			isa = PBXGroup;
			children = (
				01E9FC712449770A008E2038 /* aircraft_record.c */,
				01E9FC722449770A008E2038 /* transformer.c */,
				01E9FC732449770A008E2038 /* transformer.h */,
				01E9FC742449770A008E2038 /* aircraft_record.h */,
			);
			path = aircraft;
			sourceTree = "<group>";
		};
/* End PBXGroup section */

/* Begin PBXNativeTarget section */
		01E9FC1524497693008E2038 /* AvidyneR9DataLoader */ = {
			isa = PBXNativeTarget;
			buildConfigurationList = 01E9FC1D24497693008E2038 /* Build configuration list for PBXNativeTarget "AvidyneR9DataLoader" */;
			buildPhases = (
				01E9FC1224497693008E2038 /* Sources */,
				01E9FC1324497693008E2038 /* Frameworks */,
				01E9FC1424497693008E2038 /* CopyFiles */,
			);
			buildRules = (
			);
			dependencies = (
			);
			name = AvidyneR9DataLoader;
			productName = AvidyneR9DataLoader;
			productReference = 01E9FC1624497693008E2038 /* AvidyneR9DataLoader */;
			productType = "com.apple.product-type.tool";
		};
/* End PBXNativeTarget section */

/* Begin PBXProject section */
		01E9FC0E24497693008E2038 /* Project object */ = {
			isa = PBXProject;
			attributes = {
				LastUpgradeCheck = 1140;
				ORGANIZATIONNAME = "Tim Morgan";
				TargetAttributes = {
					01E9FC1524497693008E2038 = {
						CreatedOnToolsVersion = 11.4.1;
					};
				};
			};
			buildConfigurationList = 01E9FC1124497693008E2038 /* Build configuration list for PBXProject "AvidyneR9DataLoader" */;
			compatibilityVersion = "Xcode 11.4";
			developmentRegion = en;
			hasScannedForEncodings = 0;
			knownRegions = (
				en,
				Base,
			);
			mainGroup = 01E9FC0D24497693008E2038;
			productRefGroup = 01E9FC1724497693008E2038 /* Products */;
			projectDirPath = "";
			projectRoot = "";
			targets = (
				01E9FC1524497693008E2038 /* AvidyneR9DataLoader */,
			);
		};
/* End PBXProject section */

/* Begin PBXSourcesBuildPhase section */
		01E9FC1224497693008E2038 /* Sources */ = {
			isa = PBXSourcesBuildPhase;
			buildActionMask = 2147483647;
			files = (
				01E9FC8224497892008E2038 /* libcsv.c in Sources */,
				01E9FC83244978BC008E2038 /* aircraft_record.c in Sources */,
				01E9FC84244978BC008E2038 /* transformer.c in Sources */,
				01E9FC85244978BC008E2038 /* context.c in Sources */,
				01E9FC86244978BC008E2038 /* csv_record.c in Sources */,
				01E9FC87244978BC008E2038 /* csv.c in Sources */,
				01E9FC88244978BC008E2038 /* parser.c in Sources */,
				01E9FC89244978BC008E2038 /* writer.c in Sources */,
				01E9FC8A244978BC008E2038 /* list.c in Sources */,
				01E9FC8B244978BC008E2038 /* types.c in Sources */,
				01E9FC8C244978BC008E2038 /* tree_set.c in Sources */,
				01E9FC8D244978C8008E2038 /* main.c in Sources */,
			);
			runOnlyForDeploymentPostprocessing = 0;
		};
/* End PBXSourcesBuildPhase section */

/* Begin XCBuildConfiguration section */
		01E9FC1B24497693008E2038 /* Debug */ = {
			isa = XCBuildConfiguration;
			buildSettings = {
				ALWAYS_SEARCH_USER_PATHS = NO;
				CLANG_ANALYZER_NONNULL = YES;
				CLANG_ANALYZER_NUMBER_OBJECT_CONVERSION = YES_AGGRESSIVE;
				CLANG_CXX_LANGUAGE_STANDARD = "gnu++14";
				CLANG_CXX_LIBRARY = "libc++";
				CLANG_ENABLE_MODULES = YES;
				CLANG_ENABLE_OBJC_ARC = YES;
				CLANG_ENABLE_OBJC_WEAK = YES;
				CLANG_WARN_BLOCK_CAPTURE_AUTORELEASING = YES;
				CLANG_WARN_BOOL_CONVERSION = YES;
				CLANG_WARN_COMMA = YES;
				CLANG_WARN_CONSTANT_CONVERSION = YES;
				CLANG_WARN_DEPRECATED_OBJC_IMPLEMENTATIONS = YES;
				CLANG_WARN_DIRECT_OBJC_ISA_USAGE = YES_ERROR;
				CLANG_WARN_DOCUMENTATION_COMMENTS = YES;
				CLANG_WARN_EMPTY_BODY = YES;
				CLANG_WARN_ENUM_CONVERSION = YES;
				CLANG_WARN_INFINITE_RECURSION = YES;
				CLANG_WARN_INT_CONVERSION = YES;
				CLANG_WARN_NON_LITERAL_NULL_CONVERSION = YES;
				CLANG_WARN_OBJC_IMPLICIT_RETAIN_SELF = YES;
				CLANG_WARN_OBJC_LITERAL_CONVERSION = YES;
				CLANG_WARN_OBJC_ROOT_CLASS = YES_ERROR;
				CLANG_WARN_RANGE_LOOP_ANALYSIS = YES;
				CLANG_WARN_STRICT_PROTOTYPES = YES;
				CLANG_WARN_SUSPICIOUS_MOVE = YES;
				CLANG_WARN_UNGUARDED_AVAILABILITY = YES_AGGRESSIVE;
				CLANG_WARN_UNREACHABLE_CODE = YES;
				CLANG_WARN__DUPLICATE_METHOD_MATCH = YES;
				COPY_PHASE_STRIP = NO;
				DEBUG_INFORMATION_FORMAT = dwarf;
				ENABLE_STRICT_OBJC_MSGSEND = YES;
				ENABLE_TESTABILITY = YES;
				GCC_C_LANGUAGE_STANDARD = gnu11;
				GCC_DYNAMIC_NO_PIC = NO;
				GCC_NO_COMMON_BLOCKS = YES;
				GCC_OPTIMIZATION_LEVEL = 0;
				GCC_PREPROCESSOR_DEFINITIONS = (
					"DEBUG=1",
					"$(inherited)",
				);
				GCC_WARN_64_TO_32_BIT_CONVERSION = YES;
				GCC_WARN_ABOUT_RETURN_TYPE = YES_ERROR;
				GCC_WARN_UNDECLARED_SELECTOR = YES;
				GCC_WARN_UNINITIALIZED_AUTOS = YES_AGGRESSIVE;
				GCC_WARN_UNUSED_FUNCTION = YES;
				GCC_WARN_UNUSED_VARIABLE = YES;
				MACOSX_DEPLOYMENT_TARGET = 10.15;
				MTL_ENABLE_DEBUG_INFO = INCLUDE_SOURCE;
				MTL_FAST_MATH = YES;
				ONLY_ACTIVE_ARCH = YES;
				SDKROOT = macosx;
			};
			name = Debug;
		};
		01E9FC1C24497693008E2038 /* Release */ = {
			isa = XCBuildConfiguration;
			buildSettings = {
				ALWAYS_SEARCH_USER_PATHS = NO;
				CLANG_ANALYZER_NONNULL = YES;
				CLANG_ANALYZER_NUMBER_OBJECT_CONVERSION = YES_AGGRESSIVE;
				CLANG_CXX_LANGUAGE_STANDARD = "gnu++14";
				CLANG_CXX_LIBRARY = "libc++";
				CLANG_ENABLE_MODULES = YES;
				CLANG_ENABLE_OBJC_ARC = YES;
				CLANG_ENABLE_OBJC_WEAK = YES;
				CLANG_WARN_BLOCK_CAPTURE_AUTORELEASING = YES;
				CLANG_WARN_BOOL_CONVERSION = YES;
				CLANG_WARN_COMMA = YES;
				CLANG_WARN_CONSTANT_CONVERSION = YES;
				CLANG_WARN_DEPRECATED_OBJC_IMPLEMENTATIONS = YES;
				CLANG_WARN_DIRECT_OBJC_ISA_USAGE = YES_ERROR;
				CLANG_WARN_DOCUMENTATION_COMMENTS = YES;
				CLANG_WARN_EMPTY_BODY = YES;
				CLANG_WARN_ENUM_CONVERSION = YES;
				CLANG_WARN_INFINITE_RECURSION = YES;
				CLANG_WARN_INT_CONVERSION = YES;
				CLANG_WARN_NON_LITERAL_NULL_CONVERSION = YES;
				CLANG_WARN_OBJC_IMPLICIT_RETAIN_SELF = YES;
				CLANG_WARN_OBJC_LITERAL_CONVERSION = YES;
				CLANG_WARN_OBJC_ROOT_CLASS = YES_ERROR;
				CLANG_WARN_RANGE_LOOP_ANALYSIS = YES;
				CLANG_WARN_STRICT_PROTOTYPES = YES;
				CLANG_WARN_SUSPICIOUS_MOVE = YES;
				CLANG_WARN_UNGUARDED_AVAILABILITY = YES_AGGRESSIVE;
				CLANG_WARN_UNREACHABLE_CODE = YES;
				CLANG_WARN__DUPLICATE_METHOD_MATCH = YES;
				COPY_PHASE_STRIP = NO;
				DEBUG_INFORMATION_FORMAT = "dwarf-with-dsym";
				ENABLE_NS_ASSERTIONS = NO;
				ENABLE_STRICT_OBJC_MSGSEND = YES;
				GCC_C_LANGUAGE_STANDARD = gnu11;
				GCC_NO_COMMON_BLOCKS = YES;
				GCC_WARN_64_TO_32_BIT_CONVERSION = YES;
				GCC_WARN_ABOUT_RETURN_TYPE = YES_ERROR;
				GCC_WARN_UNDECLARED_SELECTOR = YES;
				GCC_WARN_UNINITIALIZED_AUTOS = YES_AGGRESSIVE;
				GCC_WARN_UNUSED_FUNCTION = YES;
				GCC_WARN_UNUSED_VARIABLE = YES;
				MACOSX_DEPLOYMENT_TARGET = 10.15;
				MTL_ENABLE_DEBUG_INFO = NO;
				MTL_FAST_MATH = YES;
				SDKROOT = macosx;
			};
			name = Release;
		};
		01E9FC1E24497693008E2038 /* Debug */ = {
			isa = XCBuildConfiguration;
			buildSettings = {
				CODE_SIGN_STYLE = Automatic;
				DEVELOPMENT_TEAM = 2NFSK2WB24;
				ENABLE_HARDENED_RUNTIME = YES;
				HEADER_SEARCH_PATHS = "${SRCROOT}/libcsv";
				PRODUCT_NAME = "$(TARGET_NAME)";
			};
			name = Debug;
		};
		01E9FC1F24497693008E2038 /* Release */ = {
			isa = XCBuildConfiguration;
			buildSettings = {
				CODE_SIGN_STYLE = Automatic;
				DEVELOPMENT_TEAM = 2NFSK2WB24;
				ENABLE_HARDENED_RUNTIME = YES;
				HEADER_SEARCH_PATHS = "${SRCROOT}/libcsv";
				PRODUCT_NAME = "$(TARGET_NAME)";
			};
			name = Release;
		};
/* End XCBuildConfiguration section */

/* Begin XCConfigurationList section */
		01E9FC1124497693008E2038 /* Build configuration list for PBXProject "AvidyneR9DataLoader" */ = {
			isa = XCConfigurationList;
			buildConfigurations = (
				01E9FC1B24497693008E2038 /* Debug */,
				01E9FC1C24497693008E2038 /* Release */,
			);
			defaultConfigurationIsVisible = 0;
			defaultConfigurationName = Release;
		};
		01E9FC1D24497693008E2038 /* Build configuration list for PBXNativeTarget "AvidyneR9DataLoader" */ = {
			isa = XCConfigurationList;
			buildConfigurations = (
				01E9FC1E24497693008E2038 /* Debug */,
				01E9FC1F24497693008E2038 /* Release */,
			);
			defaultConfigurationIsVisible = 0;
			defaultConfigurationName = Release;
		};
/* End XCConfigurationList section */
	};
	rootObject = 01E9FC0E24497693008E2038 /* Project object */;
}
